
Microsoft Visual Studio Solution File, Format Version 12.00
# Visual Studio Version 17
VisualStudioVersion = 17.5.002.0
MinimumVisualStudioVersion = 10.0.40219.1
Project("{9A19103F-16F7-4668-BE54-9A1E7A4F7556}") = "EncheLinguica", "EncheLinguica\EncheLinguica.csproj", "{DB41151D-8152-4009-83CF-AD48216E9A8E}"
EndProject
Global
	GlobalSection(SolutionConfigurationPlatforms) = preSolution
		Debug|Any CPU = Debug|Any CPU
		Release|Any CPU = Release|Any CPU
	EndGlobalSection
	GlobalSection(ProjectConfigurationPlatforms) = postSolution
		{DB41151D-8152-4009-83CF-AD48216E9A8E}.Debug|Any CPU.ActiveCfg = Debug|Any CPU
		{DB41151D-8152-4009-83CF-AD48216E9A8E}.Debug|Any CPU.Build.0 = Debug|Any CPU
		{DB41151D-8152-4009-83CF-AD48216E9A8E}.Release|Any CPU.ActiveCfg = Release|Any CPU
		{DB41151D-8152-4009-83CF-AD48216E9A8E}.Release|Any CPU.Build.0 = Release|Any CPU
	EndGlobalSection
	GlobalSection(SolutionProperties) = preSolution
		HideSolutionNode = FALSE
	EndGlobalSection
	GlobalSection(ExtensibilityGlobals) = postSolution
		SolutionGuid = {11853F4A-391A-4CA7-A973-ABD09C1533CC}
	EndGlobalSection
EndGlobal
